// !$*UTF8*$!
{
	archiveVersion = 1;
	classes = {
	};
	objectVersion = 77;
	objects = {

/* Begin PBXContainerItemProxy section */
		061A65102D3A057600ED317E /* PBXContainerItemProxy */ = {
			isa = PBXContainerItemProxy;
			containerPortal = 061A64F72D3A057400ED317E /* Project object */;
			proxyType = 1;
			remoteGlobalIDString = 061A64FE2D3A057400ED317E;
			remoteInfo = PatientOrganization;
		};
		061A651A2D3A057600ED317E /* PBXContainerItemProxy */ = {
			isa = PBXContainerItemProxy;
			containerPortal = 061A64F72D3A057400ED317E /* Project object */;
			proxyType = 1;
			remoteGlobalIDString = 061A64FE2D3A057400ED317E;
			remoteInfo = PatientOrganization;
		};
/* End PBXContainerItemProxy section */

/* Begin PBXFileReference section */
		061A64FF2D3A057400ED317E /* PatientOrganization.app */ = {isa = PBXFileReference; explicitFileType = wrapper.application; includeInIndex = 0; path = PatientOrganization.app; sourceTree = BUILT_PRODUCTS_DIR; };
		061A650F2D3A057600ED317E /* PatientOrganizationTests.xctest */ = {isa = PBXFileReference; explicitFileType = wrapper.cfbundle; includeInIndex = 0; path = PatientOrganizationTests.xctest; sourceTree = BUILT_PRODUCTS_DIR; };
		061A65192D3A057600ED317E /* PatientOrganizationUITests.xctest */ = {isa = PBXFileReference; explicitFileType = wrapper.cfbundle; includeInIndex = 0; path = PatientOrganizationUITests.xctest; sourceTree = BUILT_PRODUCTS_DIR; };
/* End PBXFileReference section */

/* Begin PBXFileSystemSynchronizedRootGroup section */
		061A65012D3A057400ED317E /* PatientOrganization */ = {
			isa = PBXFileSystemSynchronizedRootGroup;
			path = PatientOrganization;
			sourceTree = "<group>";
		};
		061A65122D3A057600ED317E /* PatientOrganizationTests */ = {
			isa = PBXFileSystemSynchronizedRootGroup;
			path = PatientOrganizationTests;
			sourceTree = "<group>";
		};
		061A651C2D3A057600ED317E /* PatientOrganizationUITests */ = {
			isa = PBXFileSystemSynchronizedRootGroup;
			path = PatientOrganizationUITests;
			sourceTree = "<group>";
		};
/* End PBXFileSystemSynchronizedRootGroup section */

/* Begin PBXFrameworksBuildPhase section */
		061A64FC2D3A057400ED317E /* Frameworks */ = {
			isa = PBXFrameworksBuildPhase;
			buildActionMask = 2147483647;
			files = (
			);
			runOnlyForDeploymentPostprocessing = 0;
		};
		061A650C2D3A057600ED317E /* Frameworks */ = {
			isa = PBXFrameworksBuildPhase;
			buildActionMask = 2147483647;
			files = (
			);
			runOnlyForDeploymentPostprocessing = 0;
		};
		061A65162D3A057600ED317E /* Frameworks */ = {
			isa = PBXFrameworksBuildPhase;
			buildActionMask = 2147483647;
			files = (
			);
			runOnlyForDeploymentPostprocessing = 0;
		};
/* End PBXFrameworksBuildPhase section */

/* Begin PBXGroup section */
		061A64F62D3A057400ED317E = {
			isa = PBXGroup;
			children = (
				061A65012D3A057400ED317E /* PatientOrganization */,
				061A65122D3A057600ED317E /* PatientOrganizationTests */,
				061A651C2D3A057600ED317E /* PatientOrganizationUITests */,
				061A65002D3A057400ED317E /* Products */,
			);
			sourceTree = "<group>";
		};
		061A65002D3A057400ED317E /* Products */ = {
			isa = PBXGroup;
			children = (
				061A64FF2D3A057400ED317E /* PatientOrganization.app */,
				061A650F2D3A057600ED317E /* PatientOrganizationTests.xctest */,
				061A65192D3A057600ED317E /* PatientOrganizationUITests.xctest */,
			);
			name = Products;
			sourceTree = "<group>";
		};
/* End PBXGroup section */

/* Begin PBXNativeTarget section */
		061A64FE2D3A057400ED317E /* PatientOrganization */ = {
			isa = PBXNativeTarget;
			buildConfigurationList = 061A65232D3A057600ED317E /* Build configuration list for PBXNativeTarget "PatientOrganization" */;
			buildPhases = (
				061A64FB2D3A057400ED317E /* Sources */,
				061A64FC2D3A057400ED317E /* Frameworks */,
				061A64FD2D3A057400ED317E /* Resources */,
			);
			buildRules = (
			);
			dependencies = (
			);
			fileSystemSynchronizedGroups = (
				061A65012D3A057400ED317E /* PatientOrganization */,
			);
			name = PatientOrganization;
			packageProductDependencies = (
			);
			productName = PatientOrganization;
			productReference = 061A64FF2D3A057400ED317E /* PatientOrganization.app */;
			productType = "com.apple.product-type.application";
		};
		061A650E2D3A057600ED317E /* PatientOrganizationTests */ = {
			isa = PBXNativeTarget;
			buildConfigurationList = 061A65262D3A057600ED317E /* Build configuration list for PBXNativeTarget "PatientOrganizationTests" */;
			buildPhases = (
				061A650B2D3A057600ED317E /* Sources */,
				061A650C2D3A057600ED317E /* Frameworks */,
				061A650D2D3A057600ED317E /* Resources */,
			);
			buildRules = (
			);
			dependencies = (
				061A65112D3A057600ED317E /* PBXTargetDependency */,
			);
			fileSystemSynchronizedGroups = (
				061A65122D3A057600ED317E /* PatientOrganizationTests */,
			);
			name = PatientOrganizationTests;
			packageProductDependencies = (
			);
			productName = PatientOrganizationTests;
			productReference = 061A650F2D3A057600ED317E /* PatientOrganizationTests.xctest */;
			productType = "com.apple.product-type.bundle.unit-test";
		};
		061A65182D3A057600ED317E /* PatientOrganizationUITests */ = {
			isa = PBXNativeTarget;
			buildConfigurationList = 061A65292D3A057600ED317E /* Build configuration list for PBXNativeTarget "PatientOrganizationUITests" */;
			buildPhases = (
				061A65152D3A057600ED317E /* Sources */,
				061A65162D3A057600ED317E /* Frameworks */,
				061A65172D3A057600ED317E /* Resources */,
			);
			buildRules = (
			);
			dependencies = (
				061A651B2D3A057600ED317E /* PBXTargetDependency */,
			);
			fileSystemSynchronizedGroups = (
				061A651C2D3A057600ED317E /* PatientOrganizationUITests */,
			);
			name = PatientOrganizationUITests;
			packageProductDependencies = (
			);
			productName = PatientOrganizationUITests;
			productReference = 061A65192D3A057600ED317E /* PatientOrganizationUITests.xctest */;
			productType = "com.apple.product-type.bundle.ui-testing";
		};
/* End PBXNativeTarget section */

/* Begin PBXProject section */
		061A64F72D3A057400ED317E /* Project object */ = {
			isa = PBXProject;
			attributes = {
				BuildIndependentTargetsInParallel = 1;
				LastSwiftUpdateCheck = 1620;
				LastUpgradeCheck = 1620;
				TargetAttributes = {
					061A64FE2D3A057400ED317E = {
						CreatedOnToolsVersion = 16.2;
					};
					061A650E2D3A057600ED317E = {
						CreatedOnToolsVersion = 16.2;
						TestTargetID = 061A64FE2D3A057400ED317E;
					};
					061A65182D3A057600ED317E = {
						CreatedOnToolsVersion = 16.2;
						TestTargetID = 061A64FE2D3A057400ED317E;
					};
				};
			};
			buildConfigurationList = 061A64FA2D3A057400ED317E /* Build configuration list for PBXProject "PatientOrganization" */;
			developmentRegion = en;
			hasScannedForEncodings = 0;
			knownRegions = (
				en,
				Base,
			);
			mainGroup = 061A64F62D3A057400ED317E;
			minimizedProjectReferenceProxies = 1;
			preferredProjectObjectVersion = 77;
			productRefGroup = 061A65002D3A057400ED317E /* Products */;
			projectDirPath = "";
			projectRoot = "";
			targets = (
				061A64FE2D3A057400ED317E /* PatientOrganization */,
				061A650E2D3A057600ED317E /* PatientOrganizationTests */,
				061A65182D3A057600ED317E /* PatientOrganizationUITests */,
			);
		};
/* End PBXProject section */

/* Begin PBXResourcesBuildPhase section */
		061A64FD2D3A057400ED317E /* Resources */ = {
			isa = PBXResourcesBuildPhase;
			buildActionMask = 2147483647;
			files = (
			);
			runOnlyForDeploymentPostprocessing = 0;
		};
		061A650D2D3A057600ED317E /* Resources */ = {
			isa = PBXResourcesBuildPhase;
			buildActionMask = 2147483647;
			files = (
			);
			runOnlyForDeploymentPostprocessing = 0;
		};
		061A65172D3A057600ED317E /* Resources */ = {
			isa = PBXResourcesBuildPhase;
			buildActionMask = 2147483647;
			files = (
			);
			runOnlyForDeploymentPostprocessing = 0;
		};
/* End PBXResourcesBuildPhase section */

/* Begin PBXSourcesBuildPhase section */
		061A64FB2D3A057400ED317E /* Sources */ = {
			isa = PBXSourcesBuildPhase;
			buildActionMask = 2147483647;
			files = (
			);
			runOnlyForDeploymentPostprocessing = 0;
		};
		061A650B2D3A057600ED317E /* Sources */ = {
			isa = PBXSourcesBuildPhase;
			buildActionMask = 2147483647;
			files = (
			);
			runOnlyForDeploymentPostprocessing = 0;
		};
		061A65152D3A057600ED317E /* Sources */ = {
			isa = PBXSourcesBuildPhase;
			buildActionMask = 2147483647;
			files = (
			);
			runOnlyForDeploymentPostprocessing = 0;
		};
/* End PBXSourcesBuildPhase section */

/* Begin PBXTargetDependency section */
		061A65112D3A057600ED317E /* PBXTargetDependency */ = {
			isa = PBXTargetDependency;
			target = 061A64FE2D3A057400ED317E /* PatientOrganization */;
			targetProxy = 061A65102D3A057600ED317E /* PBXContainerItemProxy */;
		};
		061A651B2D3A057600ED317E /* PBXTargetDependency */ = {
			isa = PBXTargetDependency;
			target = 061A64FE2D3A057400ED317E /* PatientOrganization */;
			targetProxy = 061A651A2D3A057600ED317E /* PBXContainerItemProxy */;
		};
/* End PBXTargetDependency section */

/* Begin XCBuildConfiguration section */
		061A65212D3A057600ED317E /* Debug */ = {
			isa = XCBuildConfiguration;
			buildSettings = {
				ALWAYS_SEARCH_USER_PATHS = NO;
				ASSETCATALOG_COMPILER_GENERATE_SWIFT_ASSET_SYMBOL_EXTENSIONS = YES;
				CLANG_ANALYZER_NONNULL = YES;
				CLANG_ANALYZER_NUMBER_OBJECT_CONVERSION = YES_AGGRESSIVE;
				CLANG_CXX_LANGUAGE_STANDARD = "gnu++20";
				CLANG_ENABLE_MODULES = YES;
				CLANG_ENABLE_OBJC_ARC = YES;
				CLANG_ENABLE_OBJC_WEAK = YES;
				CLANG_WARN_BLOCK_CAPTURE_AUTORELEASING = YES;
				CLANG_WARN_BOOL_CONVERSION = YES;
				CLANG_WARN_COMMA = YES;
				CLANG_WARN_CONSTANT_CONVERSION = YES;
				CLANG_WARN_DEPRECATED_OBJC_IMPLEMENTATIONS = YES;
				CLANG_WARN_DIRECT_OBJC_ISA_USAGE = YES_ERROR;
				CLANG_WARN_DOCUMENTATION_COMMENTS = YES;
				CLANG_WARN_EMPTY_BODY = YES;
				CLANG_WARN_ENUM_CONVERSION = YES;
				CLANG_WARN_INFINITE_RECURSION = YES;
				CLANG_WARN_INT_CONVERSION = YES;
				CLANG_WARN_NON_LITERAL_NULL_CONVERSION = YES;
				CLANG_WARN_OBJC_IMPLICIT_RETAIN_SELF = YES;
				CLANG_WARN_OBJC_LITERAL_CONVERSION = YES;
				CLANG_WARN_OBJC_ROOT_CLASS = YES_ERROR;
				CLANG_WARN_QUOTED_INCLUDE_IN_FRAMEWORK_HEADER = YES;
				CLANG_WARN_RANGE_LOOP_ANALYSIS = YES;
				CLANG_WARN_STRICT_PROTOTYPES = YES;
				CLANG_WARN_SUSPICIOUS_MOVE = YES;
				CLANG_WARN_UNGUARDED_AVAILABILITY = YES_AGGRESSIVE;
				CLANG_WARN_UNREACHABLE_CODE = YES;
				CLANG_WARN__DUPLICATE_METHOD_MATCH = YES;
				COPY_PHASE_STRIP = NO;
				DEBUG_INFORMATION_FORMAT = dwarf;
				ENABLE_STRICT_OBJC_MSGSEND = YES;
				ENABLE_TESTABILITY = YES;
				ENABLE_USER_SCRIPT_SANDBOXING = YES;
				GCC_C_LANGUAGE_STANDARD = gnu17;
				GCC_DYNAMIC_NO_PIC = NO;
				GCC_NO_COMMON_BLOCKS = YES;
				GCC_OPTIMIZATION_LEVEL = 0;
				GCC_PREPROCESSOR_DEFINITIONS = (
					"DEBUG=1",
					"$(inherited)",
				);
				GCC_WARN_64_TO_32_BIT_CONVERSION = YES;
				GCC_WARN_ABOUT_RETURN_TYPE = YES_ERROR;
				GCC_WARN_UNDECLARED_SELECTOR = YES;
				GCC_WARN_UNINITIALIZED_AUTOS = YES_AGGRESSIVE;
				GCC_WARN_UNUSED_FUNCTION = YES;
				GCC_WARN_UNUSED_VARIABLE = YES;
				IPHONEOS_DEPLOYMENT_TARGET = 18.2;
				LOCALIZATION_PREFERS_STRING_CATALOGS = YES;
				MTL_ENABLE_DEBUG_INFO = INCLUDE_SOURCE;
				MTL_FAST_MATH = YES;
				ONLY_ACTIVE_ARCH = YES;
				SDKROOT = iphoneos;
				SWIFT_ACTIVE_COMPILATION_CONDITIONS = "DEBUG $(inherited)";
				SWIFT_OPTIMIZATION_LEVEL = "-Onone";
			};
			name = Debug;
		};
		061A65222D3A057600ED317E /* Release */ = {
			isa = XCBuildConfiguration;
			buildSettings = {
				ALWAYS_SEARCH_USER_PATHS = NO;
				ASSETCATALOG_COMPILER_GENERATE_SWIFT_ASSET_SYMBOL_EXTENSIONS = YES;
				CLANG_ANALYZER_NONNULL = YES;
				CLANG_ANALYZER_NUMBER_OBJECT_CONVERSION = YES_AGGRESSIVE;
				CLANG_CXX_LANGUAGE_STANDARD = "gnu++20";
				CLANG_ENABLE_MODULES = YES;
				CLANG_ENABLE_OBJC_ARC = YES;
				CLANG_ENABLE_OBJC_WEAK = YES;
				CLANG_WARN_BLOCK_CAPTURE_AUTORELEASING = YES;
				CLANG_WARN_BOOL_CONVERSION = YES;
				CLANG_WARN_COMMA = YES;
				CLANG_WARN_CONSTANT_CONVERSION = YES;
				CLANG_WARN_DEPRECATED_OBJC_IMPLEMENTATIONS = YES;
				CLANG_WARN_DIRECT_OBJC_ISA_USAGE = YES_ERROR;
				CLANG_WARN_DOCUMENTATION_COMMENTS = YES;
				CLANG_WARN_EMPTY_BODY = YES;
				CLANG_WARN_ENUM_CONVERSION = YES;
				CLANG_WARN_INFINITE_RECURSION = YES;
				CLANG_WARN_INT_CONVERSION = YES;
				CLANG_WARN_NON_LITERAL_NULL_CONVERSION = YES;
				CLANG_WARN_OBJC_IMPLICIT_RETAIN_SELF = YES;
				CLANG_WARN_OBJC_LITERAL_CONVERSION = YES;
				CLANG_WARN_OBJC_ROOT_CLASS = YES_ERROR;
				CLANG_WARN_QUOTED_INCLUDE_IN_FRAMEWORK_HEADER = YES;
				CLANG_WARN_RANGE_LOOP_ANALYSIS = YES;
				CLANG_WARN_STRICT_PROTOTYPES = YES;
				CLANG_WARN_SUSPICIOUS_MOVE = YES;
				CLANG_WARN_UNGUARDED_AVAILABILITY = YES_AGGRESSIVE;
				CLANG_WARN_UNREACHABLE_CODE = YES;
				CLANG_WARN__DUPLICATE_METHOD_MATCH = YES;
				COPY_PHASE_STRIP = NO;
				DEBUG_INFORMATION_FORMAT = "dwarf-with-dsym";
				ENABLE_NS_ASSERTIONS = NO;
				ENABLE_STRICT_OBJC_MSGSEND = YES;
				ENABLE_USER_SCRIPT_SANDBOXING = YES;
				GCC_C_LANGUAGE_STANDARD = gnu17;
				GCC_NO_COMMON_BLOCKS = YES;
				GCC_WARN_64_TO_32_BIT_CONVERSION = YES;
				GCC_WARN_ABOUT_RETURN_TYPE = YES_ERROR;
				GCC_WARN_UNDECLARED_SELECTOR = YES;
				GCC_WARN_UNINITIALIZED_AUTOS = YES_AGGRESSIVE;
				GCC_WARN_UNUSED_FUNCTION = YES;
				GCC_WARN_UNUSED_VARIABLE = YES;
				IPHONEOS_DEPLOYMENT_TARGET = 18.2;
				LOCALIZATION_PREFERS_STRING_CATALOGS = YES;
				MTL_ENABLE_DEBUG_INFO = NO;
				MTL_FAST_MATH = YES;
				SDKROOT = iphoneos;
				SWIFT_COMPILATION_MODE = wholemodule;
				VALIDATE_PRODUCT = YES;
			};
			name = Release;
		};
		061A65242D3A057600ED317E /* Debug */ = {
			isa = XCBuildConfiguration;
			buildSettings = {
				ASSETCATALOG_COMPILER_APPICON_NAME = AppIcon;
				ASSETCATALOG_COMPILER_GLOBAL_ACCENT_COLOR_NAME = AccentColor;
				CODE_SIGN_STYLE = Automatic;
				CURRENT_PROJECT_VERSION = 1;
				DEVELOPMENT_ASSET_PATHS = "\"PatientOrganization/Preview Content\"";
				ENABLE_PREVIEWS = YES;
				GENERATE_INFOPLIST_FILE = YES;
				INFOPLIST_KEY_UIApplicationSceneManifest_Generation = YES;
				INFOPLIST_KEY_UIApplicationSupportsIndirectInputEvents = YES;
				INFOPLIST_KEY_UILaunchScreen_Generation = YES;
				INFOPLIST_KEY_UISupportedInterfaceOrientations_iPad = "UIInterfaceOrientationPortrait UIInterfaceOrientationPortraitUpsideDown UIInterfaceOrientationLandscapeLeft UIInterfaceOrientationLandscapeRight";
				INFOPLIST_KEY_UISupportedInterfaceOrientations_iPhone = "UIInterfaceOrientationPortrait UIInterfaceOrientationLandscapeLeft UIInterfaceOrientationLandscapeRight";
				LD_RUNPATH_SEARCH_PATHS = (
					"$(inherited)",
					"@executable_path/Frameworks",
				);
				MARKETING_VERSION = 1.0;
				PRODUCT_BUNDLE_IDENTIFIER = CS342.PatientOrganization;
				PRODUCT_NAME = "$(TARGET_NAME)";
				SWIFT_EMIT_LOC_STRINGS = YES;
				SWIFT_VERSION = 5.0;
				TARGETED_DEVICE_FAMILY = "1,2";
			};
			name = Debug;
		};
		061A65252D3A057600ED317E /* Release */ = {
			isa = XCBuildConfiguration;
			buildSettings = {
				ASSETCATALOG_COMPILER_APPICON_NAME = AppIcon;
				ASSETCATALOG_COMPILER_GLOBAL_ACCENT_COLOR_NAME = AccentColor;
				CODE_SIGN_STYLE = Automatic;
				CURRENT_PROJECT_VERSION = 1;
				DEVELOPMENT_ASSET_PATHS = "\"PatientOrganization/Preview Content\"";
				ENABLE_PREVIEWS = YES;
				GENERATE_INFOPLIST_FILE = YES;
				INFOPLIST_KEY_UIApplicationSceneManifest_Generation = YES;
				INFOPLIST_KEY_UIApplicationSupportsIndirectInputEvents = YES;
				INFOPLIST_KEY_UILaunchScreen_Generation = YES;
				INFOPLIST_KEY_UISupportedInterfaceOrientations_iPad = "UIInterfaceOrientationPortrait UIInterfaceOrientationPortraitUpsideDown UIInterfaceOrientationLandscapeLeft UIInterfaceOrientationLandscapeRight";
				INFOPLIST_KEY_UISupportedInterfaceOrientations_iPhone = "UIInterfaceOrientationPortrait UIInterfaceOrientationLandscapeLeft UIInterfaceOrientationLandscapeRight";
				LD_RUNPATH_SEARCH_PATHS = (
					"$(inherited)",
					"@executable_path/Frameworks",
				);
				MARKETING_VERSION = 1.0;
				PRODUCT_BUNDLE_IDENTIFIER = CS342.PatientOrganization;
				PRODUCT_NAME = "$(TARGET_NAME)";
				SWIFT_EMIT_LOC_STRINGS = YES;
				SWIFT_VERSION = 5.0;
				TARGETED_DEVICE_FAMILY = "1,2";
			};
			name = Release;
		};
		061A65272D3A057600ED317E /* Debug */ = {
			isa = XCBuildConfiguration;
			buildSettings = {
				BUNDLE_LOADER = "$(TEST_HOST)";
				CODE_SIGN_STYLE = Automatic;
				CURRENT_PROJECT_VERSION = 1;
				GENERATE_INFOPLIST_FILE = YES;
				IPHONEOS_DEPLOYMENT_TARGET = 18.2;
				MARKETING_VERSION = 1.0;
				PRODUCT_BUNDLE_IDENTIFIER = CS342.PatientOrganizationTests;
				PRODUCT_NAME = "$(TARGET_NAME)";
				SWIFT_EMIT_LOC_STRINGS = NO;
				SWIFT_VERSION = 5.0;
				TARGETED_DEVICE_FAMILY = "1,2";
				TEST_HOST = "$(BUILT_PRODUCTS_DIR)/PatientOrganization.app/$(BUNDLE_EXECUTABLE_FOLDER_PATH)/PatientOrganization";
			};
			name = Debug;
		};
		061A65282D3A057600ED317E /* Release */ = {
			isa = XCBuildConfiguration;
			buildSettings = {
				BUNDLE_LOADER = "$(TEST_HOST)";
				CODE_SIGN_STYLE = Automatic;
				CURRENT_PROJECT_VERSION = 1;
				GENERATE_INFOPLIST_FILE = YES;
				IPHONEOS_DEPLOYMENT_TARGET = 18.2;
				MARKETING_VERSION = 1.0;
				PRODUCT_BUNDLE_IDENTIFIER = CS342.PatientOrganizationTests;
				PRODUCT_NAME = "$(TARGET_NAME)";
				SWIFT_EMIT_LOC_STRINGS = NO;
				SWIFT_VERSION = 5.0;
				TARGETED_DEVICE_FAMILY = "1,2";
				TEST_HOST = "$(BUILT_PRODUCTS_DIR)/PatientOrganization.app/$(BUNDLE_EXECUTABLE_FOLDER_PATH)/PatientOrganization";
			};
			name = Release;
		};
		061A652A2D3A057600ED317E /* Debug */ = {
			isa = XCBuildConfiguration;
			buildSettings = {
				CODE_SIGN_STYLE = Automatic;
				CURRENT_PROJECT_VERSION = 1;
				GENERATE_INFOPLIST_FILE = YES;
				MARKETING_VERSION = 1.0;
				PRODUCT_BUNDLE_IDENTIFIER = CS342.PatientOrganizationUITests;
				PRODUCT_NAME = "$(TARGET_NAME)";
				SWIFT_EMIT_LOC_STRINGS = NO;
				SWIFT_VERSION = 5.0;
				TARGETED_DEVICE_FAMILY = "1,2";
				TEST_TARGET_NAME = PatientOrganization;
			};
			name = Debug;
		};
		061A652B2D3A057600ED317E /* Release */ = {
			isa = XCBuildConfiguration;
			buildSettings = {
				CODE_SIGN_STYLE = Automatic;
				CURRENT_PROJECT_VERSION = 1;
				GENERATE_INFOPLIST_FILE = YES;
				MARKETING_VERSION = 1.0;
				PRODUCT_BUNDLE_IDENTIFIER = CS342.PatientOrganizationUITests;
				PRODUCT_NAME = "$(TARGET_NAME)";
				SWIFT_EMIT_LOC_STRINGS = NO;
				SWIFT_VERSION = 5.0;
				TARGETED_DEVICE_FAMILY = "1,2";
				TEST_TARGET_NAME = PatientOrganization;
			};
			name = Release;
		};
/* End XCBuildConfiguration section */

/* Begin XCConfigurationList section */
		061A64FA2D3A057400ED317E /* Build configuration list for PBXProject "PatientOrganization" */ = {
			isa = XCConfigurationList;
			buildConfigurations = (
				061A65212D3A057600ED317E /* Debug */,
				061A65222D3A057600ED317E /* Release */,
			);
			defaultConfigurationIsVisible = 0;
			defaultConfigurationName = Release;
		};
		061A65232D3A057600ED317E /* Build configuration list for PBXNativeTarget "PatientOrganization" */ = {
			isa = XCConfigurationList;
			buildConfigurations = (
				061A65242D3A057600ED317E /* Debug */,
				061A65252D3A057600ED317E /* Release */,
			);
			defaultConfigurationIsVisible = 0;
			defaultConfigurationName = Release;
		};
		061A65262D3A057600ED317E /* Build configuration list for PBXNativeTarget "PatientOrganizationTests" */ = {
			isa = XCConfigurationList;
			buildConfigurations = (
				061A65272D3A057600ED317E /* Debug */,
				061A65282D3A057600ED317E /* Release */,
			);
			defaultConfigurationIsVisible = 0;
			defaultConfigurationName = Release;
		};
		061A65292D3A057600ED317E /* Build configuration list for PBXNativeTarget "PatientOrganizationUITests" */ = {
			isa = XCConfigurationList;
			buildConfigurations = (
				061A652A2D3A057600ED317E /* Debug */,
				061A652B2D3A057600ED317E /* Release */,
			);
			defaultConfigurationIsVisible = 0;
			defaultConfigurationName = Release;
		};
/* End XCConfigurationList section */
	};
	rootObject = 061A64F72D3A057400ED317E /* Project object */;
}
